{
  "name": "ejercicio2",
  "version": "1.0.0",
  "lockfileVersion": 3,
  "requires": true,
  "packages": {
    "": {
      "name": "ejercicio2",
      "version": "1.0.0",
      "license": "ISC",
      "dependencies": {
        "moment": "^2.30.1"
      },
      "devDependencies": {
        "logplease": "^1.2.15"
      }
    },
    "node_modules/logplease": {
      "version": "1.2.15",
      "resolved": "https://registry.npmjs.org/logplease/-/logplease-1.2.15.tgz",
      "integrity": "sha512-jLlHnlsPSJjpwUfcNyUxXCl33AYg2cHhIf9QhGL2T4iPT0XPB+xP1LRKFPgIg1M/sg9kAJvy94w9CzBNrfnstA==",
      "dev": true
    },
    "node_modules/moment": {
      "version": "2.30.1",
      "resolved": "https://registry.npmjs.org/moment/-/moment-2.30.1.tgz",
      "integrity": "sha512-uEmtNhbDOrWPFS+hdjFCBfy9f2YoyzRpwcl+DqpC6taX21FzsTLQVbMV/W7PzNSX6x/bhC1zA3c2UQ5NzH6how==",
      "engines": {
        "node": "*"
      }
    }
  }
}
